
Microsoft Visual Studio Solution File, Format Version 12.00
# Visual Studio Version 16
VisualStudioVersion = 16.0.32228.343
MinimumVisualStudioVersion = 10.0.40219.1
Project("{888888A0-9F3D-457C-B088-3A5042F75D52}") = "TradeDrawdownRunUpDistribution", "TradeDrawdownRunUpDistribution.pyproj", "{5407745F-07E9-486A-95EF-88B04FEC4F66}"
EndProject
Global
	GlobalSection(SolutionConfigurationPlatforms) = preSolution
		Debug|Any CPU = Debug|Any CPU
		Release|Any CPU = Release|Any CPU
	EndGlobalSection
	GlobalSection(ProjectConfigurationPlatforms) = postSolution
		{5407745F-07E9-486A-95EF-88B04FEC4F66}.Debug|Any CPU.ActiveCfg = Debug|Any CPU
		{5407745F-07E9-486A-95EF-88B04FEC4F66}.Release|Any CPU.ActiveCfg = Release|Any CPU
	EndGlobalSection
	GlobalSection(SolutionProperties) = preSolution
		HideSolutionNode = FALSE
	EndGlobalSection
	GlobalSection(ExtensibilityGlobals) = postSolution
		SolutionGuid = {9A30179A-E448-422D-B40D-3A43C5ABBB27}
	EndGlobalSection
EndGlobal
